
Microsoft Visual Studio Solution File, Format Version 12.00
# Visual Studio Version 17
VisualStudioVersion = 17.7.34018.315
MinimumVisualStudioVersion = 10.0.40219.1
Project("{FAE04EC0-301F-11D3-BF4B-00C04F79EFBC}") = "Calculator", "Calculator\Calculator.csproj", "{EEF68AF0-467A-41E9-92A6-8B4406931065}"
EndProject
Global
	GlobalSection(SolutionConfigurationPlatforms) = preSolution
		Debug|Any CPU = Debug|Any CPU
		Release|Any CPU = Release|Any CPU
	EndGlobalSection
	GlobalSection(ProjectConfigurationPlatforms) = postSolution
		{EEF68AF0-467A-41E9-92A6-8B4406931065}.Debug|Any CPU.ActiveCfg = Debug|Any CPU
		{EEF68AF0-467A-41E9-92A6-8B4406931065}.Debug|Any CPU.Build.0 = Debug|Any CPU
		{EEF68AF0-467A-41E9-92A6-8B4406931065}.Release|Any CPU.ActiveCfg = Release|Any CPU
		{EEF68AF0-467A-41E9-92A6-8B4406931065}.Release|Any CPU.Build.0 = Release|Any CPU
	EndGlobalSection
	GlobalSection(SolutionProperties) = preSolution
		HideSolutionNode = FALSE
	EndGlobalSection
	GlobalSection(ExtensibilityGlobals) = postSolution
		SolutionGuid = {6BE0EE3D-3BDB-41AE-B1E1-EFC6BF8959AC}
	EndGlobalSection
EndGlobal
